// !$*UTF8*$!
{
	archiveVersion = 1;
	classes = {
	};
	objectVersion = 46;
	objects = {

/* Begin PBXBuildFile section */
		52A8FCF619A7BA4500EFE697 /* AppDelegate.swift in Sources */ = {isa = PBXBuildFile; fileRef = 52A8FCF519A7BA4500EFE697 /* AppDelegate.swift */; };
		52A8FCF819A7BA4600EFE697 /* RootViewController.swift in Sources */ = {isa = PBXBuildFile; fileRef = 52A8FCF719A7BA4600EFE697 /* RootViewController.swift */; };
		52A8FCFA19A7BA4600EFE697 /* DataViewController.swift in Sources */ = {isa = PBXBuildFile; fileRef = 52A8FCF919A7BA4600EFE697 /* DataViewController.swift */; };
		52A8FCFC19A7BA4600EFE697 /* ModelController.swift in Sources */ = {isa = PBXBuildFile; fileRef = 52A8FCFB19A7BA4600EFE697 /* ModelController.swift */; };
		52A8FCFF19A7BA4600EFE697 /* Main.storyboard in Resources */ = {isa = PBXBuildFile; fileRef = 52A8FCFD19A7BA4600EFE697 /* Main.storyboard */; };
		52A8FD0119A7BA4600EFE697 /* Images.xcassets in Resources */ = {isa = PBXBuildFile; fileRef = 52A8FD0019A7BA4600EFE697 /* Images.xcassets */; };
		52A8FD0D19A7BA4600EFE697 /* Linkslap_iOSTests.swift in Sources */ = {isa = PBXBuildFile; fileRef = 52A8FD0C19A7BA4600EFE697 /* Linkslap_iOSTests.swift */; };
		52A8FD6019A7C47C00EFE697 /* Account.swift in Sources */ = {isa = PBXBuildFile; fileRef = 52A8FD5619A7C47C00EFE697 /* Account.swift */; };
		52A8FD6119A7C47C00EFE697 /* GifMeModel.swift in Sources */ = {isa = PBXBuildFile; fileRef = 52A8FD5719A7C47C00EFE697 /* GifMeModel.swift */; };
		52A8FD6219A7C47C00EFE697 /* LInk.swift in Sources */ = {isa = PBXBuildFile; fileRef = 52A8FD5819A7C47C00EFE697 /* LInk.swift */; };
		52A8FD6319A7C47C00EFE697 /* LinkModel.swift in Sources */ = {isa = PBXBuildFile; fileRef = 52A8FD5919A7C47C00EFE697 /* LinkModel.swift */; };
		52A8FD6419A7C47C00EFE697 /* PushRegistration.swift in Sources */ = {isa = PBXBuildFile; fileRef = 52A8FD5A19A7C47C00EFE697 /* PushRegistration.swift */; };
		52A8FD6519A7C47C00EFE697 /* RegisterModel.swift in Sources */ = {isa = PBXBuildFile; fileRef = 52A8FD5B19A7C47C00EFE697 /* RegisterModel.swift */; };
		52A8FD6619A7C47C00EFE697 /* Stream.swift in Sources */ = {isa = PBXBuildFile; fileRef = 52A8FD5C19A7C47C00EFE697 /* Stream.swift */; };
		52A8FD6719A7C47C00EFE697 /* Subscription.swift in Sources */ = {isa = PBXBuildFile; fileRef = 52A8FD5D19A7C47C00EFE697 /* Subscription.swift */; };
		52A8FD6819A7C47C00EFE697 /* SubscriptionSettings.swift in Sources */ = {isa = PBXBuildFile; fileRef = 52A8FD5E19A7C47C00EFE697 /* SubscriptionSettings.swift */; };
		52A8FD6919A7C47C00EFE697 /* UserInfo.swift in Sources */ = {isa = PBXBuildFile; fileRef = 52A8FD5F19A7C47C00EFE697 /* UserInfo.swift */; };
		52A8FD6D19A7C4FD00EFE697 /* IStreamStore.swift in Sources */ = {isa = PBXBuildFile; fileRef = 52A8FD6C19A7C4FD00EFE697 /* IStreamStore.swift */; };
/* End PBXBuildFile section */

/* Begin PBXContainerItemProxy section */
		52A8FD0719A7BA4600EFE697 /* PBXContainerItemProxy */ = {
			isa = PBXContainerItemProxy;
			containerPortal = 52A8FCE819A7BA4500EFE697 /* Project object */;
			proxyType = 1;
			remoteGlobalIDString = 52A8FCEF19A7BA4500EFE697;
			remoteInfo = Linkslap.iOS;
		};
/* End PBXContainerItemProxy section */

/* Begin PBXFileReference section */
		52A8FCF019A7BA4500EFE697 /* Linkslap.iOS.app */ = {isa = PBXFileReference; explicitFileType = wrapper.application; includeInIndex = 0; path = Linkslap.iOS.app; sourceTree = BUILT_PRODUCTS_DIR; };
		52A8FCF419A7BA4500EFE697 /* Info.plist */ = {isa = PBXFileReference; lastKnownFileType = text.plist.xml; path = Info.plist; sourceTree = "<group>"; };
		52A8FCF519A7BA4500EFE697 /* AppDelegate.swift */ = {isa = PBXFileReference; lastKnownFileType = sourcecode.swift; path = AppDelegate.swift; sourceTree = "<group>"; };
		52A8FCF719A7BA4600EFE697 /* RootViewController.swift */ = {isa = PBXFileReference; lastKnownFileType = sourcecode.swift; path = RootViewController.swift; sourceTree = "<group>"; };
		52A8FCF919A7BA4600EFE697 /* DataViewController.swift */ = {isa = PBXFileReference; lastKnownFileType = sourcecode.swift; path = DataViewController.swift; sourceTree = "<group>"; };
		52A8FCFB19A7BA4600EFE697 /* ModelController.swift */ = {isa = PBXFileReference; lastKnownFileType = sourcecode.swift; path = ModelController.swift; sourceTree = "<group>"; };
		52A8FCFE19A7BA4600EFE697 /* Base */ = {isa = PBXFileReference; lastKnownFileType = file.storyboard; name = Base; path = Base.lproj/Main.storyboard; sourceTree = "<group>"; };
		52A8FD0019A7BA4600EFE697 /* Images.xcassets */ = {isa = PBXFileReference; lastKnownFileType = folder.assetcatalog; path = Images.xcassets; sourceTree = "<group>"; };
		52A8FD0619A7BA4600EFE697 /* Linkslap.iOSTests.xctest */ = {isa = PBXFileReference; explicitFileType = wrapper.cfbundle; includeInIndex = 0; path = Linkslap.iOSTests.xctest; sourceTree = BUILT_PRODUCTS_DIR; };
		52A8FD0B19A7BA4600EFE697 /* Info.plist */ = {isa = PBXFileReference; lastKnownFileType = text.plist.xml; path = Info.plist; sourceTree = "<group>"; };
		52A8FD0C19A7BA4600EFE697 /* Linkslap_iOSTests.swift */ = {isa = PBXFileReference; lastKnownFileType = sourcecode.swift; path = Linkslap_iOSTests.swift; sourceTree = "<group>"; };
		52A8FD5619A7C47C00EFE697 /* Account.swift */ = {isa = PBXFileReference; fileEncoding = 4; lastKnownFileType = sourcecode.swift; name = Account.swift; path = LInkslap.iOS.Communication/Models/Account.swift; sourceTree = "<group>"; };
		52A8FD5719A7C47C00EFE697 /* GifMeModel.swift */ = {isa = PBXFileReference; fileEncoding = 4; lastKnownFileType = sourcecode.swift; name = GifMeModel.swift; path = LInkslap.iOS.Communication/Models/GifMeModel.swift; sourceTree = "<group>"; };
		52A8FD5819A7C47C00EFE697 /* LInk.swift */ = {isa = PBXFileReference; fileEncoding = 4; lastKnownFileType = sourcecode.swift; name = LInk.swift; path = LInkslap.iOS.Communication/Models/LInk.swift; sourceTree = "<group>"; };
		52A8FD5919A7C47C00EFE697 /* LinkModel.swift */ = {isa = PBXFileReference; fileEncoding = 4; lastKnownFileType = sourcecode.swift; name = LinkModel.swift; path = LInkslap.iOS.Communication/Models/LinkModel.swift; sourceTree = "<group>"; };
		52A8FD5A19A7C47C00EFE697 /* PushRegistration.swift */ = {isa = PBXFileReference; fileEncoding = 4; lastKnownFileType = sourcecode.swift; name = PushRegistration.swift; path = LInkslap.iOS.Communication/Models/PushRegistration.swift; sourceTree = "<group>"; };
		52A8FD5B19A7C47C00EFE697 /* RegisterModel.swift */ = {isa = PBXFileReference; fileEncoding = 4; lastKnownFileType = sourcecode.swift; name = RegisterModel.swift; path = LInkslap.iOS.Communication/Models/RegisterModel.swift; sourceTree = "<group>"; };
		52A8FD5C19A7C47C00EFE697 /* Stream.swift */ = {isa = PBXFileReference; fileEncoding = 4; lastKnownFileType = sourcecode.swift; name = Stream.swift; path = LInkslap.iOS.Communication/Models/Stream.swift; sourceTree = "<group>"; };
		52A8FD5D19A7C47C00EFE697 /* Subscription.swift */ = {isa = PBXFileReference; fileEncoding = 4; lastKnownFileType = sourcecode.swift; name = Subscription.swift; path = LInkslap.iOS.Communication/Models/Subscription.swift; sourceTree = "<group>"; };
		52A8FD5E19A7C47C00EFE697 /* SubscriptionSettings.swift */ = {isa = PBXFileReference; fileEncoding = 4; lastKnownFileType = sourcecode.swift; name = SubscriptionSettings.swift; path = LInkslap.iOS.Communication/Models/SubscriptionSettings.swift; sourceTree = "<group>"; };
		52A8FD5F19A7C47C00EFE697 /* UserInfo.swift */ = {isa = PBXFileReference; fileEncoding = 4; lastKnownFileType = sourcecode.swift; name = UserInfo.swift; path = LInkslap.iOS.Communication/Models/UserInfo.swift; sourceTree = "<group>"; };
		52A8FD6C19A7C4FD00EFE697 /* IStreamStore.swift */ = {isa = PBXFileReference; fileEncoding = 4; lastKnownFileType = sourcecode.swift; name = IStreamStore.swift; path = LInkslap.iOS.Communication/Protocols/IStreamStore.swift; sourceTree = "<group>"; };
/* End PBXFileReference section */

/* Begin PBXFrameworksBuildPhase section */
		52A8FCED19A7BA4500EFE697 /* Frameworks */ = {
			isa = PBXFrameworksBuildPhase;
			buildActionMask = 2147483647;
			files = (
			);
			runOnlyForDeploymentPostprocessing = 0;
		};
		52A8FD0319A7BA4600EFE697 /* Frameworks */ = {
			isa = PBXFrameworksBuildPhase;
			buildActionMask = 2147483647;
			files = (
			);
			runOnlyForDeploymentPostprocessing = 0;
		};
/* End PBXFrameworksBuildPhase section */

/* Begin PBXGroup section */
		52A8FCE719A7BA4500EFE697 = {
			isa = PBXGroup;
			children = (
				52A8FD1619A7BA5500EFE697 /* Linkslap.iOS.Communication */,
				52A8FCF219A7BA4500EFE697 /* Linkslap.iOS */,
				52A8FD0919A7BA4600EFE697 /* Linkslap.iOSTests */,
				52A8FCF119A7BA4500EFE697 /* Products */,
			);
			sourceTree = "<group>";
		};
		52A8FCF119A7BA4500EFE697 /* Products */ = {
			isa = PBXGroup;
			children = (
				52A8FCF019A7BA4500EFE697 /* Linkslap.iOS.app */,
				52A8FD0619A7BA4600EFE697 /* Linkslap.iOSTests.xctest */,
			);
			name = Products;
			sourceTree = "<group>";
		};
		52A8FCF219A7BA4500EFE697 /* Linkslap.iOS */ = {
			isa = PBXGroup;
			children = (
				52A8FCF519A7BA4500EFE697 /* AppDelegate.swift */,
				52A8FCF719A7BA4600EFE697 /* RootViewController.swift */,
				52A8FCF919A7BA4600EFE697 /* DataViewController.swift */,
				52A8FCFB19A7BA4600EFE697 /* ModelController.swift */,
				52A8FCFD19A7BA4600EFE697 /* Main.storyboard */,
				52A8FD0019A7BA4600EFE697 /* Images.xcassets */,
				52A8FCF319A7BA4500EFE697 /* Supporting Files */,
			);
			path = Linkslap.iOS;
			sourceTree = "<group>";
		};
		52A8FCF319A7BA4500EFE697 /* Supporting Files */ = {
			isa = PBXGroup;
			children = (
				52A8FCF419A7BA4500EFE697 /* Info.plist */,
			);
			name = "Supporting Files";
			sourceTree = "<group>";
		};
		52A8FD0919A7BA4600EFE697 /* Linkslap.iOSTests */ = {
			isa = PBXGroup;
			children = (
				52A8FD0C19A7BA4600EFE697 /* Linkslap_iOSTests.swift */,
				52A8FD0A19A7BA4600EFE697 /* Supporting Files */,
			);
			path = Linkslap.iOSTests;
			sourceTree = "<group>";
		};
		52A8FD0A19A7BA4600EFE697 /* Supporting Files */ = {
			isa = PBXGroup;
			children = (
				52A8FD0B19A7BA4600EFE697 /* Info.plist */,
			);
			name = "Supporting Files";
			sourceTree = "<group>";
		};
		52A8FD1619A7BA5500EFE697 /* Linkslap.iOS.Communication */ = {
			isa = PBXGroup;
			children = (
				52A8FD6E19A7C50B00EFE697 /* Protocols */,
				52A8FD1719A7BA7200EFE697 /* Models */,
			);
			name = Linkslap.iOS.Communication;
			sourceTree = "<group>";
		};
		52A8FD1719A7BA7200EFE697 /* Models */ = {
			isa = PBXGroup;
			children = (
				52A8FD5619A7C47C00EFE697 /* Account.swift */,
				52A8FD5719A7C47C00EFE697 /* GifMeModel.swift */,
				52A8FD5819A7C47C00EFE697 /* LInk.swift */,
				52A8FD5919A7C47C00EFE697 /* LinkModel.swift */,
				52A8FD5A19A7C47C00EFE697 /* PushRegistration.swift */,
				52A8FD5B19A7C47C00EFE697 /* RegisterModel.swift */,
				52A8FD5C19A7C47C00EFE697 /* Stream.swift */,
				52A8FD5D19A7C47C00EFE697 /* Subscription.swift */,
				52A8FD5E19A7C47C00EFE697 /* SubscriptionSettings.swift */,
				52A8FD5F19A7C47C00EFE697 /* UserInfo.swift */,
			);
			name = Models;
			sourceTree = "<group>";
		};
		52A8FD6E19A7C50B00EFE697 /* Protocols */ = {
			isa = PBXGroup;
			children = (
				52A8FD6C19A7C4FD00EFE697 /* IStreamStore.swift */,
			);
			name = Protocols;
			sourceTree = "<group>";
		};
/* End PBXGroup section */

/* Begin PBXNativeTarget section */
		52A8FCEF19A7BA4500EFE697 /* Linkslap.iOS */ = {
			isa = PBXNativeTarget;
			buildConfigurationList = 52A8FD1019A7BA4600EFE697 /* Build configuration list for PBXNativeTarget "Linkslap.iOS" */;
			buildPhases = (
				52A8FCEC19A7BA4500EFE697 /* Sources */,
				52A8FCED19A7BA4500EFE697 /* Frameworks */,
				52A8FCEE19A7BA4500EFE697 /* Resources */,
			);
			buildRules = (
			);
			dependencies = (
			);
			name = Linkslap.iOS;
			productName = Linkslap.iOS;
			productReference = 52A8FCF019A7BA4500EFE697 /* Linkslap.iOS.app */;
			productType = "com.apple.product-type.application";
		};
		52A8FD0519A7BA4600EFE697 /* Linkslap.iOSTests */ = {
			isa = PBXNativeTarget;
			buildConfigurationList = 52A8FD1319A7BA4600EFE697 /* Build configuration list for PBXNativeTarget "Linkslap.iOSTests" */;
			buildPhases = (
				52A8FD0219A7BA4600EFE697 /* Sources */,
				52A8FD0319A7BA4600EFE697 /* Frameworks */,
				52A8FD0419A7BA4600EFE697 /* Resources */,
			);
			buildRules = (
			);
			dependencies = (
				52A8FD0819A7BA4600EFE697 /* PBXTargetDependency */,
			);
			name = Linkslap.iOSTests;
			productName = Linkslap.iOSTests;
			productReference = 52A8FD0619A7BA4600EFE697 /* Linkslap.iOSTests.xctest */;
			productType = "com.apple.product-type.bundle.unit-test";
		};
/* End PBXNativeTarget section */

/* Begin PBXProject section */
		52A8FCE819A7BA4500EFE697 /* Project object */ = {
			isa = PBXProject;
			attributes = {
				LastUpgradeCheck = 0600;
				ORGANIZATIONNAME = Linkslap;
				TargetAttributes = {
					52A8FCEF19A7BA4500EFE697 = {
						CreatedOnToolsVersion = 6.0;
					};
					52A8FD0519A7BA4600EFE697 = {
						CreatedOnToolsVersion = 6.0;
						TestTargetID = 52A8FCEF19A7BA4500EFE697;
					};
				};
			};
			buildConfigurationList = 52A8FCEB19A7BA4500EFE697 /* Build configuration list for PBXProject "Linkslap.iOS" */;
			compatibilityVersion = "Xcode 3.2";
			developmentRegion = English;
			hasScannedForEncodings = 0;
			knownRegions = (
				en,
				Base,
			);
			mainGroup = 52A8FCE719A7BA4500EFE697;
			productRefGroup = 52A8FCF119A7BA4500EFE697 /* Products */;
			projectDirPath = "";
			projectRoot = "";
			targets = (
				52A8FCEF19A7BA4500EFE697 /* Linkslap.iOS */,
				52A8FD0519A7BA4600EFE697 /* Linkslap.iOSTests */,
			);
		};
/* End PBXProject section */

/* Begin PBXResourcesBuildPhase section */
		52A8FCEE19A7BA4500EFE697 /* Resources */ = {
			isa = PBXResourcesBuildPhase;
			buildActionMask = 2147483647;
			files = (
				52A8FCFF19A7BA4600EFE697 /* Main.storyboard in Resources */,
				52A8FD0119A7BA4600EFE697 /* Images.xcassets in Resources */,
			);
			runOnlyForDeploymentPostprocessing = 0;
		};
		52A8FD0419A7BA4600EFE697 /* Resources */ = {
			isa = PBXResourcesBuildPhase;
			buildActionMask = 2147483647;
			files = (
			);
			runOnlyForDeploymentPostprocessing = 0;
		};
/* End PBXResourcesBuildPhase section */

/* Begin PBXSourcesBuildPhase section */
		52A8FCEC19A7BA4500EFE697 /* Sources */ = {
			isa = PBXSourcesBuildPhase;
			buildActionMask = 2147483647;
			files = (
				52A8FD6619A7C47C00EFE697 /* Stream.swift in Sources */,
				52A8FD6019A7C47C00EFE697 /* Account.swift in Sources */,
				52A8FD6819A7C47C00EFE697 /* SubscriptionSettings.swift in Sources */,
				52A8FD6419A7C47C00EFE697 /* PushRegistration.swift in Sources */,
				52A8FD6319A7C47C00EFE697 /* LinkModel.swift in Sources */,
				52A8FCF819A7BA4600EFE697 /* RootViewController.swift in Sources */,
				52A8FCFC19A7BA4600EFE697 /* ModelController.swift in Sources */,
				52A8FD6719A7C47C00EFE697 /* Subscription.swift in Sources */,
				52A8FD6219A7C47C00EFE697 /* LInk.swift in Sources */,
				52A8FD6D19A7C4FD00EFE697 /* IStreamStore.swift in Sources */,
				52A8FD6519A7C47C00EFE697 /* RegisterModel.swift in Sources */,
				52A8FCFA19A7BA4600EFE697 /* DataViewController.swift in Sources */,
				52A8FD6119A7C47C00EFE697 /* GifMeModel.swift in Sources */,
				52A8FD6919A7C47C00EFE697 /* UserInfo.swift in Sources */,
				52A8FCF619A7BA4500EFE697 /* AppDelegate.swift in Sources */,
			);
			runOnlyForDeploymentPostprocessing = 0;
		};
		52A8FD0219A7BA4600EFE697 /* Sources */ = {
			isa = PBXSourcesBuildPhase;
			buildActionMask = 2147483647;
			files = (
				52A8FD0D19A7BA4600EFE697 /* Linkslap_iOSTests.swift in Sources */,
			);
			runOnlyForDeploymentPostprocessing = 0;
		};
/* End PBXSourcesBuildPhase section */

/* Begin PBXTargetDependency section */
		52A8FD0819A7BA4600EFE697 /* PBXTargetDependency */ = {
			isa = PBXTargetDependency;
			target = 52A8FCEF19A7BA4500EFE697 /* Linkslap.iOS */;
			targetProxy = 52A8FD0719A7BA4600EFE697 /* PBXContainerItemProxy */;
		};
/* End PBXTargetDependency section */

/* Begin PBXVariantGroup section */
		52A8FCFD19A7BA4600EFE697 /* Main.storyboard */ = {
			isa = PBXVariantGroup;
			children = (
				52A8FCFE19A7BA4600EFE697 /* Base */,
			);
			name = Main.storyboard;
			sourceTree = "<group>";
		};
/* End PBXVariantGroup section */

/* Begin XCBuildConfiguration section */
		52A8FD0E19A7BA4600EFE697 /* Debug */ = {
			isa = XCBuildConfiguration;
			buildSettings = {
				ALWAYS_SEARCH_USER_PATHS = NO;
				CLANG_CXX_LANGUAGE_STANDARD = "gnu++0x";
				CLANG_CXX_LIBRARY = "libc++";
				CLANG_ENABLE_MODULES = YES;
				CLANG_ENABLE_OBJC_ARC = YES;
				CLANG_WARN_BOOL_CONVERSION = YES;
				CLANG_WARN_CONSTANT_CONVERSION = YES;
				CLANG_WARN_DIRECT_OBJC_ISA_USAGE = YES_ERROR;
				CLANG_WARN_EMPTY_BODY = YES;
				CLANG_WARN_ENUM_CONVERSION = YES;
				CLANG_WARN_INT_CONVERSION = YES;
				CLANG_WARN_OBJC_ROOT_CLASS = YES_ERROR;
				CLANG_WARN_UNREACHABLE_CODE = YES;
				CLANG_WARN__DUPLICATE_METHOD_MATCH = YES;
				"CODE_SIGN_IDENTITY[sdk=iphoneos*]" = "iPhone Developer";
				COPY_PHASE_STRIP = NO;
				ENABLE_STRICT_OBJC_MSGSEND = YES;
				GCC_C_LANGUAGE_STANDARD = gnu99;
				GCC_DYNAMIC_NO_PIC = NO;
				GCC_OPTIMIZATION_LEVEL = 0;
				GCC_PREPROCESSOR_DEFINITIONS = (
					"DEBUG=1",
					"$(inherited)",
				);
				GCC_SYMBOLS_PRIVATE_EXTERN = NO;
				GCC_WARN_64_TO_32_BIT_CONVERSION = YES;
				GCC_WARN_ABOUT_RETURN_TYPE = YES_ERROR;
				GCC_WARN_UNDECLARED_SELECTOR = YES;
				GCC_WARN_UNINITIALIZED_AUTOS = YES_AGGRESSIVE;
				GCC_WARN_UNUSED_FUNCTION = YES;
				GCC_WARN_UNUSED_VARIABLE = YES;
				IPHONEOS_DEPLOYMENT_TARGET = 8.0;
				MTL_ENABLE_DEBUG_INFO = YES;
				ONLY_ACTIVE_ARCH = YES;
				SDKROOT = iphoneos;
				SWIFT_OPTIMIZATION_LEVEL = "-Onone";
				TARGETED_DEVICE_FAMILY = "1,2";
			};
			name = Debug;
		};
		52A8FD0F19A7BA4600EFE697 /* Release */ = {
			isa = XCBuildConfiguration;
			buildSettings = {
				ALWAYS_SEARCH_USER_PATHS = NO;
				CLANG_CXX_LANGUAGE_STANDARD = "gnu++0x";
				CLANG_CXX_LIBRARY = "libc++";
				CLANG_ENABLE_MODULES = YES;
				CLANG_ENABLE_OBJC_ARC = YES;
				CLANG_WARN_BOOL_CONVERSION = YES;
				CLANG_WARN_CONSTANT_CONVERSION = YES;
				CLANG_WARN_DIRECT_OBJC_ISA_USAGE = YES_ERROR;
				CLANG_WARN_EMPTY_BODY = YES;
				CLANG_WARN_ENUM_CONVERSION = YES;
				CLANG_WARN_INT_CONVERSION = YES;
				CLANG_WARN_OBJC_ROOT_CLASS = YES_ERROR;
				CLANG_WARN_UNREACHABLE_CODE = YES;
				CLANG_WARN__DUPLICATE_METHOD_MATCH = YES;
				"CODE_SIGN_IDENTITY[sdk=iphoneos*]" = "iPhone Developer";
				COPY_PHASE_STRIP = YES;
				ENABLE_NS_ASSERTIONS = NO;
				ENABLE_STRICT_OBJC_MSGSEND = YES;
				GCC_C_LANGUAGE_STANDARD = gnu99;
				GCC_WARN_64_TO_32_BIT_CONVERSION = YES;
				GCC_WARN_ABOUT_RETURN_TYPE = YES_ERROR;
				GCC_WARN_UNDECLARED_SELECTOR = YES;
				GCC_WARN_UNINITIALIZED_AUTOS = YES_AGGRESSIVE;
				GCC_WARN_UNUSED_FUNCTION = YES;
				GCC_WARN_UNUSED_VARIABLE = YES;
				IPHONEOS_DEPLOYMENT_TARGET = 8.0;
				MTL_ENABLE_DEBUG_INFO = NO;
				SDKROOT = iphoneos;
				TARGETED_DEVICE_FAMILY = "1,2";
				VALIDATE_PRODUCT = YES;
			};
			name = Release;
		};
		52A8FD1119A7BA4600EFE697 /* Debug */ = {
			isa = XCBuildConfiguration;
			buildSettings = {
				ASSETCATALOG_COMPILER_APPICON_NAME = AppIcon;
				ASSETCATALOG_COMPILER_LAUNCHIMAGE_NAME = LaunchImage;
				INFOPLIST_FILE = Linkslap.iOS/Info.plist;
				LD_RUNPATH_SEARCH_PATHS = "$(inherited) @executable_path/Frameworks";
				PRODUCT_NAME = "$(TARGET_NAME)";
			};
			name = Debug;
		};
		52A8FD1219A7BA4600EFE697 /* Release */ = {
			isa = XCBuildConfiguration;
			buildSettings = {
				ASSETCATALOG_COMPILER_APPICON_NAME = AppIcon;
				ASSETCATALOG_COMPILER_LAUNCHIMAGE_NAME = LaunchImage;
				INFOPLIST_FILE = Linkslap.iOS/Info.plist;
				LD_RUNPATH_SEARCH_PATHS = "$(inherited) @executable_path/Frameworks";
				PRODUCT_NAME = "$(TARGET_NAME)";
			};
			name = Release;
		};
		52A8FD1419A7BA4600EFE697 /* Debug */ = {
			isa = XCBuildConfiguration;
			buildSettings = {
				BUNDLE_LOADER = "$(TEST_HOST)";
				FRAMEWORK_SEARCH_PATHS = (
					"$(SDKROOT)/Developer/Library/Frameworks",
					"$(inherited)",
				);
				GCC_PREPROCESSOR_DEFINITIONS = (
					"DEBUG=1",
					"$(inherited)",
				);
				INFOPLIST_FILE = Linkslap.iOSTests/Info.plist;
				LD_RUNPATH_SEARCH_PATHS = "$(inherited) @executable_path/Frameworks @loader_path/Frameworks";
				PRODUCT_NAME = "$(TARGET_NAME)";
				TEST_HOST = "$(BUILT_PRODUCTS_DIR)/Linkslap.iOS.app/Linkslap.iOS";
			};
			name = Debug;
		};
		52A8FD1519A7BA4600EFE697 /* Release */ = {
			isa = XCBuildConfiguration;
			buildSettings = {
				BUNDLE_LOADER = "$(TEST_HOST)";
				FRAMEWORK_SEARCH_PATHS = (
					"$(SDKROOT)/Developer/Library/Frameworks",
					"$(inherited)",
				);
				INFOPLIST_FILE = Linkslap.iOSTests/Info.plist;
				LD_RUNPATH_SEARCH_PATHS = "$(inherited) @executable_path/Frameworks @loader_path/Frameworks";
				PRODUCT_NAME = "$(TARGET_NAME)";
				TEST_HOST = "$(BUILT_PRODUCTS_DIR)/Linkslap.iOS.app/Linkslap.iOS";
			};
			name = Release;
		};
/* End XCBuildConfiguration section */

/* Begin XCConfigurationList section */
		52A8FCEB19A7BA4500EFE697 /* Build configuration list for PBXProject "Linkslap.iOS" */ = {
			isa = XCConfigurationList;
			buildConfigurations = (
				52A8FD0E19A7BA4600EFE697 /* Debug */,
				52A8FD0F19A7BA4600EFE697 /* Release */,
			);
			defaultConfigurationIsVisible = 0;
			defaultConfigurationName = Release;
		};
		52A8FD1019A7BA4600EFE697 /* Build configuration list for PBXNativeTarget "Linkslap.iOS" */ = {
			isa = XCConfigurationList;
			buildConfigurations = (
				52A8FD1119A7BA4600EFE697 /* Debug */,
				52A8FD1219A7BA4600EFE697 /* Release */,
			);
			defaultConfigurationIsVisible = 0;
		};
		52A8FD1319A7BA4600EFE697 /* Build configuration list for PBXNativeTarget "Linkslap.iOSTests" */ = {
			isa = XCConfigurationList;
			buildConfigurations = (
				52A8FD1419A7BA4600EFE697 /* Debug */,
				52A8FD1519A7BA4600EFE697 /* Release */,
			);
			defaultConfigurationIsVisible = 0;
		};
/* End XCConfigurationList section */
	};
	rootObject = 52A8FCE819A7BA4500EFE697 /* Project object */;
}
